
Microsoft Visual Studio Solution File, Format Version 12.00
# Visual Studio 14
VisualStudioVersion = 14.0.25420.1
MinimumVisualStudioVersion = 10.0.40219.1
Project("{FAE04EC0-301F-11D3-BF4B-00C04F79EFBC}") = "FEZ.Mod.mm", "FEZ.Mod.mm\FEZ.Mod.mm.csproj", "{61B225D5-A0A4-4495-909F-4459011B1666}"
EndProject
Project("{FAE04EC0-301F-11D3-BF4B-00C04F79EFBC}") = "FezEngine.Mod.mm", "FezEngine.Mod.mm\FezEngine.Mod.mm.csproj", "{A4FB611D-11D5-4744-9AFD-5FA2B5492291}"
EndProject
Project("{FAE04EC0-301F-11D3-BF4B-00C04F79EFBC}") = "ImGuiCS", "lib-projs\ImGuiCS\ImGuiCS\ImGuiCS.csproj", "{9BC0F56F-8BC0-4A95-B064-466921025C60}"
EndProject
Project("{FAE04EC0-301F-11D3-BF4B-00C04F79EFBC}") = "ImGuiFNA", "lib-projs\ImGuiCS\ImGuiFNA\ImGuiFNA.csproj", "{004B5A34-3FF9-4080-B003-45BEAFE7519F}"
EndProject
Project("{FAE04EC0-301F-11D3-BF4B-00C04F79EFBC}") = "Common.Mod.mm", "Common.Mod.mm\Common.Mod.mm.csproj", "{A7EC94CE-C0B0-4B8E-8D78-D272F709B457}"
EndProject
Global
	GlobalSection(SolutionConfigurationPlatforms) = preSolution
		Debug|Any CPU = Debug|Any CPU
		Release|Any CPU = Release|Any CPU
	EndGlobalSection
	GlobalSection(ProjectConfigurationPlatforms) = postSolution
		{61B225D5-A0A4-4495-909F-4459011B1666}.Debug|Any CPU.ActiveCfg = Debug|Any CPU
		{61B225D5-A0A4-4495-909F-4459011B1666}.Debug|Any CPU.Build.0 = Debug|Any CPU
		{61B225D5-A0A4-4495-909F-4459011B1666}.Release|Any CPU.ActiveCfg = Release|Any CPU
		{61B225D5-A0A4-4495-909F-4459011B1666}.Release|Any CPU.Build.0 = Release|Any CPU
		{A4FB611D-11D5-4744-9AFD-5FA2B5492291}.Debug|Any CPU.ActiveCfg = Debug|Any CPU
		{A4FB611D-11D5-4744-9AFD-5FA2B5492291}.Debug|Any CPU.Build.0 = Debug|Any CPU
		{A4FB611D-11D5-4744-9AFD-5FA2B5492291}.Release|Any CPU.ActiveCfg = Release|Any CPU
		{A4FB611D-11D5-4744-9AFD-5FA2B5492291}.Release|Any CPU.Build.0 = Release|Any CPU
		{9BC0F56F-8BC0-4A95-B064-466921025C60}.Debug|Any CPU.ActiveCfg = Debug|Any CPU
		{9BC0F56F-8BC0-4A95-B064-466921025C60}.Debug|Any CPU.Build.0 = Debug|Any CPU
		{9BC0F56F-8BC0-4A95-B064-466921025C60}.Release|Any CPU.ActiveCfg = Release|Any CPU
		{9BC0F56F-8BC0-4A95-B064-466921025C60}.Release|Any CPU.Build.0 = Release|Any CPU
		{004B5A34-3FF9-4080-B003-45BEAFE7519F}.Debug|Any CPU.ActiveCfg = Debug|Any CPU
		{004B5A34-3FF9-4080-B003-45BEAFE7519F}.Debug|Any CPU.Build.0 = Debug|Any CPU
		{004B5A34-3FF9-4080-B003-45BEAFE7519F}.Release|Any CPU.ActiveCfg = Release|Any CPU
		{004B5A34-3FF9-4080-B003-45BEAFE7519F}.Release|Any CPU.Build.0 = Release|Any CPU
		{A7EC94CE-C0B0-4B8E-8D78-D272F709B457}.Debug|Any CPU.ActiveCfg = Debug|Any CPU
		{A7EC94CE-C0B0-4B8E-8D78-D272F709B457}.Debug|Any CPU.Build.0 = Debug|Any CPU
		{A7EC94CE-C0B0-4B8E-8D78-D272F709B457}.Release|Any CPU.ActiveCfg = Release|Any CPU
		{A7EC94CE-C0B0-4B8E-8D78-D272F709B457}.Release|Any CPU.Build.0 = Release|Any CPU
	EndGlobalSection
	GlobalSection(SolutionProperties) = preSolution
		HideSolutionNode = FALSE
	EndGlobalSection
EndGlobal
